
Microsoft Visual Studio Solution File, Format Version 12.00
# Visual Studio Version 17
VisualStudioVersion = 17.11.35219.272
MinimumVisualStudioVersion = 10.0.40219.1
Project("{FAE04EC0-301F-11D3-BF4B-00C04F79EFBC}") = "HotelRepoPatternAssignment", "HotelRepoPatternAssignment\HotelRepoPatternAssignment.csproj", "{DB0F4C93-71B4-4FA9-B865-8625B806E747}"
EndProject
Global
	GlobalSection(SolutionConfigurationPlatforms) = preSolution
		Debug|Any CPU = Debug|Any CPU
		Release|Any CPU = Release|Any CPU
	EndGlobalSection
	GlobalSection(ProjectConfigurationPlatforms) = postSolution
		{DB0F4C93-71B4-4FA9-B865-8625B806E747}.Debug|Any CPU.ActiveCfg = Debug|Any CPU
		{DB0F4C93-71B4-4FA9-B865-8625B806E747}.Debug|Any CPU.Build.0 = Debug|Any CPU
		{DB0F4C93-71B4-4FA9-B865-8625B806E747}.Release|Any CPU.ActiveCfg = Release|Any CPU
		{DB0F4C93-71B4-4FA9-B865-8625B806E747}.Release|Any CPU.Build.0 = Release|Any CPU
	EndGlobalSection
	GlobalSection(SolutionProperties) = preSolution
		HideSolutionNode = FALSE
	EndGlobalSection
	GlobalSection(ExtensibilityGlobals) = postSolution
		SolutionGuid = {5286854F-7656-4212-8319-78932CE3AFD2}
	EndGlobalSection
EndGlobal
